// !$*UTF8*$!
{
	archiveVersion = 1;
	classes = {
	};
	objectVersion = 50;
	objects = {

/* Begin PBXBuildFile section */
		D314455924C2209E0084DEC5 /* AppDelegate.swift in Sources */ = {isa = PBXBuildFile; fileRef = D314455824C2209E0084DEC5 /* AppDelegate.swift */; };
		D314455B24C220A00084DEC5 /* Assets.xcassets in Resources */ = {isa = PBXBuildFile; fileRef = D314455A24C220A00084DEC5 /* Assets.xcassets */; };
		D314455E24C220A00084DEC5 /* MainMenu.xib in Resources */ = {isa = PBXBuildFile; fileRef = D314455C24C220A00084DEC5 /* MainMenu.xib */; };
		D314456724C224650084DEC5 /* Segment.swift in Sources */ = {isa = PBXBuildFile; fileRef = D314456624C224650084DEC5 /* Segment.swift */; };
		D3275F8224FADB0B005D9F5A /* TransformerDescriptionDialog.swift in Sources */ = {isa = PBXBuildFile; fileRef = D3275F8124FADB0A005D9F5A /* TransformerDescriptionDialog.swift */; };
		D3275F8424FADB22005D9F5A /* TransformerDescription.xib in Resources */ = {isa = PBXBuildFile; fileRef = D3275F8324FADB22005D9F5A /* TransformerDescription.xib */; };
		D37F9EF4251943800040BCD8 /* OutputData.swift in Sources */ = {isa = PBXBuildFile; fileRef = D37F9EF3251943800040BCD8 /* OutputData.swift */; };
		D38833DF24CCC19A00A0C7A5 /* PreferencesDialog.swift in Sources */ = {isa = PBXBuildFile; fileRef = D38833DE24CCC19A00A0C7A5 /* PreferencesDialog.swift */; };
		D38833E124CCC1C400A0C7A5 /* Preferences.xib in Resources */ = {isa = PBXBuildFile; fileRef = D38833E024CCC1C400A0C7A5 /* Preferences.xib */; };
		D3893D7324D8DBB0000E8E07 /* TerminalsView.swift in Sources */ = {isa = PBXBuildFile; fileRef = D3893D7224D8DBB0000E8E07 /* TerminalsView.swift */; };
		D3B8A33624EB4814005AAC87 /* RegulatingWindingDialog.swift in Sources */ = {isa = PBXBuildFile; fileRef = D3B8A33524EB4814005AAC87 /* RegulatingWindingDialog.swift */; };
		D3B8A33824EB4874005AAC87 /* RegulatingWinding.xib in Resources */ = {isa = PBXBuildFile; fileRef = D3B8A33724EB4874005AAC87 /* RegulatingWinding.xib */; };
		D3CF829424E46A0200055311 /* ModifyReferenceTerminalDialog.swift in Sources */ = {isa = PBXBuildFile; fileRef = D3CF829324E46A0200055311 /* ModifyReferenceTerminalDialog.swift */; };
		D3CF829624E46A2600055311 /* ModifyReferenceTerminal.xib in Resources */ = {isa = PBXBuildFile; fileRef = D3CF829524E46A2600055311 /* ModifyReferenceTerminal.xib */; };
		D3CF829824E4B30700055311 /* ModifyReferenceMvaDialog.swift in Sources */ = {isa = PBXBuildFile; fileRef = D3CF829724E4B30700055311 /* ModifyReferenceMvaDialog.swift */; };
		D3CF829A24E4B33B00055311 /* ModifyReferenceMva.xib in Resources */ = {isa = PBXBuildFile; fileRef = D3CF829924E4B33B00055311 /* ModifyReferenceMva.xib */; };
		D3D1108C24C9047700012C84 /* PCH_BaseClass_DialogBox.swift in Sources */ = {isa = PBXBuildFile; fileRef = D3D1108B24C9047700012C84 /* PCH_BaseClass_DialogBox.swift */; };
		D3D2D2D124EF00640072EE96 /* ImpedanceScData.swift in Sources */ = {isa = PBXBuildFile; fileRef = D3D2D2D024EF00640072EE96 /* ImpedanceScData.swift */; };
		D3E307E124C242C100FDAA83 /* GlobalDefs.swift in Sources */ = {isa = PBXBuildFile; fileRef = D3E307DF24C242C100FDAA83 /* GlobalDefs.swift */; };
		D3E307E224C242C100FDAA83 /* PCH_Defs.swift in Sources */ = {isa = PBXBuildFile; fileRef = D3E307E024C242C100FDAA83 /* PCH_Defs.swift */; };
		D3E307E424C2473A00FDAA83 /* Layer.swift in Sources */ = {isa = PBXBuildFile; fileRef = D3E307E324C2473A00FDAA83 /* Layer.swift */; };
		D3F736E3251EB41B00F399A6 /* MoveWindingDialog.swift in Sources */ = {isa = PBXBuildFile; fileRef = D3F736E2251EB41B00F399A6 /* MoveWindingDialog.swift */; };
		D3F736E6251EB4A800F399A6 /* MoveWinding.xib in Resources */ = {isa = PBXBuildFile; fileRef = D3F736E5251EB4A800F399A6 /* MoveWinding.xib */; };
		D3F9D3DA2525484C00374594 /* EditOutputData.xib in Resources */ = {isa = PBXBuildFile; fileRef = D3F9D3D92525484C00374594 /* EditOutputData.xib */; };
		D3F9D3DD25254C7900374594 /* EditOutputDataDialog.swift in Sources */ = {isa = PBXBuildFile; fileRef = D3F9D3DC25254C7900374594 /* EditOutputDataDialog.swift */; };
		D3FA0CC224EDE49000C68479 /* ModifyReferenceVoltageDialog.swift in Sources */ = {isa = PBXBuildFile; fileRef = D3FA0CC124EDE49000C68479 /* ModifyReferenceVoltageDialog.swift */; };
		D3FA0CC424EDE4A300C68479 /* ModifyReferenceVoltage.xib in Resources */ = {isa = PBXBuildFile; fileRef = D3FA0CC324EDE4A300C68479 /* ModifyReferenceVoltage.xib */; };
		F50BA4522529F25B0054CF25 /* GetNumber.xib in Resources */ = {isa = PBXBuildFile; fileRef = F50BA4512529F25B0054CF25 /* GetNumber.xib */; };
		F50BA4552529F2CF0054CF25 /* GetNumberDialog.swift in Sources */ = {isa = PBXBuildFile; fileRef = F50BA4542529F2CF0054CF25 /* GetNumberDialog.swift */; };
		F522C85D251790F10036607F /* SplitSegmentDialog.swift in Sources */ = {isa = PBXBuildFile; fileRef = F522C85C251790F10036607F /* SplitSegmentDialog.swift */; };
		F522C860251791040036607F /* SplitSegment.xib in Resources */ = {isa = PBXBuildFile; fileRef = F522C85F251791040036607F /* SplitSegment.xib */; };
		F529EDAF252A5F1D00B32CC3 /* PeakFactorDialog.swift in Sources */ = {isa = PBXBuildFile; fileRef = F529EDAE252A5F1D00B32CC3 /* PeakFactorDialog.swift */; };
		F529EDB2252A5F2800B32CC3 /* PeakFactor.xib in Resources */ = {isa = PBXBuildFile; fileRef = F529EDB1252A5F2800B32CC3 /* PeakFactor.xib */; };
		F5486E5624F04CC300D6CD46 /* libPCH_FLD12_Library.a in Frameworks */ = {isa = PBXBuildFile; fileRef = F5486E5524F04CC300D6CD46 /* libPCH_FLD12_Library.a */; };
		F5A0F05F24C6203800C4CFE8 /* AppController.swift in Sources */ = {isa = PBXBuildFile; fileRef = F5A0F05E24C6203800C4CFE8 /* AppController.swift */; };
		F5BC371024DB0A2A000CEED3 /* DataView.swift in Sources */ = {isa = PBXBuildFile; fileRef = F5BC370F24DB0A2A000CEED3 /* DataView.swift */; };
		F5D9DC4224DF429200D11103 /* AmpTurnsDistributionDialog.swift in Sources */ = {isa = PBXBuildFile; fileRef = F5D9DC4124DF429200D11103 /* AmpTurnsDistributionDialog.swift */; };
		F5D9DC4424DF42D900D11103 /* AmpTurnsDistribution.xib in Resources */ = {isa = PBXBuildFile; fileRef = F5D9DC4324DF42D900D11103 /* AmpTurnsDistribution.xib */; };
		F5DD5A2B24D1F88C002D5F52 /* TransformerView.swift in Sources */ = {isa = PBXBuildFile; fileRef = F5DD5A2A24D1F88C002D5F52 /* TransformerView.swift */; };
		F5ED558D24C32659002E7031 /* Terminal.swift in Sources */ = {isa = PBXBuildFile; fileRef = F5ED558C24C32659002E7031 /* Terminal.swift */; };
		F5ED558F24C46BE5002E7031 /* Winding.swift in Sources */ = {isa = PBXBuildFile; fileRef = F5ED558E24C46BE5002E7031 /* Winding.swift */; };
		F5ED559124C49074002E7031 /* Transformer.swift in Sources */ = {isa = PBXBuildFile; fileRef = F5ED559024C49074002E7031 /* Transformer.swift */; };
		F5F8E835251B699300117F49 /* TextDisplay.xib in Resources */ = {isa = PBXBuildFile; fileRef = F5F8E834251B699300117F49 /* TextDisplay.xib */; };
		F5F8E838251B79EF00117F49 /* TextDisplayWindow.swift in Sources */ = {isa = PBXBuildFile; fileRef = F5F8E837251B79EF00117F49 /* TextDisplayWindow.swift */; };
		F5F971C424FBCBF600267AAC /* ModifyWindingNameDialog.swift in Sources */ = {isa = PBXBuildFile; fileRef = F5F971C324FBCBF600267AAC /* ModifyWindingNameDialog.swift */; };
		F5F971C624FBCC0700267AAC /* ModifyWindingName.xib in Resources */ = {isa = PBXBuildFile; fileRef = F5F971C524FBCC0700267AAC /* ModifyWindingName.xib */; };
/* End PBXBuildFile section */

/* Begin PBXFileReference section */
		D314455524C2209E0084DEC5 /* AndersenFE_2020.app */ = {isa = PBXFileReference; explicitFileType = wrapper.application; includeInIndex = 0; path = AndersenFE_2020.app; sourceTree = BUILT_PRODUCTS_DIR; };
		D314455824C2209E0084DEC5 /* AppDelegate.swift */ = {isa = PBXFileReference; lastKnownFileType = sourcecode.swift; path = AppDelegate.swift; sourceTree = "<group>"; };
		D314455A24C220A00084DEC5 /* Assets.xcassets */ = {isa = PBXFileReference; lastKnownFileType = folder.assetcatalog; path = Assets.xcassets; sourceTree = "<group>"; };
		D314455D24C220A00084DEC5 /* Base */ = {isa = PBXFileReference; lastKnownFileType = file.xib; name = Base; path = Base.lproj/MainMenu.xib; sourceTree = "<group>"; };
		D314455F24C220A00084DEC5 /* Info.plist */ = {isa = PBXFileReference; lastKnownFileType = text.plist.xml; path = Info.plist; sourceTree = "<group>"; };
		D314456024C220A00084DEC5 /* AndersenFE_2020.entitlements */ = {isa = PBXFileReference; lastKnownFileType = text.plist.entitlements; path = AndersenFE_2020.entitlements; sourceTree = "<group>"; };
		D314456624C224650084DEC5 /* Segment.swift */ = {isa = PBXFileReference; lastKnownFileType = sourcecode.swift; path = Segment.swift; sourceTree = "<group>"; };
		D3275F8124FADB0A005D9F5A /* TransformerDescriptionDialog.swift */ = {isa = PBXFileReference; lastKnownFileType = sourcecode.swift; path = TransformerDescriptionDialog.swift; sourceTree = "<group>"; };
		D3275F8324FADB22005D9F5A /* TransformerDescription.xib */ = {isa = PBXFileReference; lastKnownFileType = file.xib; path = TransformerDescription.xib; sourceTree = "<group>"; };
		D37F9EF3251943800040BCD8 /* OutputData.swift */ = {isa = PBXFileReference; lastKnownFileType = sourcecode.swift; path = OutputData.swift; sourceTree = "<group>"; };
		D38833DE24CCC19A00A0C7A5 /* PreferencesDialog.swift */ = {isa = PBXFileReference; lastKnownFileType = sourcecode.swift; path = PreferencesDialog.swift; sourceTree = "<group>"; };
		D38833E024CCC1C400A0C7A5 /* Preferences.xib */ = {isa = PBXFileReference; lastKnownFileType = file.xib; path = Preferences.xib; sourceTree = "<group>"; };
		D3893D7224D8DBB0000E8E07 /* TerminalsView.swift */ = {isa = PBXFileReference; lastKnownFileType = sourcecode.swift; path = TerminalsView.swift; sourceTree = "<group>"; };
		D3B8A33524EB4814005AAC87 /* RegulatingWindingDialog.swift */ = {isa = PBXFileReference; lastKnownFileType = sourcecode.swift; path = RegulatingWindingDialog.swift; sourceTree = "<group>"; };
		D3B8A33724EB4874005AAC87 /* RegulatingWinding.xib */ = {isa = PBXFileReference; lastKnownFileType = file.xib; path = RegulatingWinding.xib; sourceTree = "<group>"; };
		D3CF829324E46A0200055311 /* ModifyReferenceTerminalDialog.swift */ = {isa = PBXFileReference; lastKnownFileType = sourcecode.swift; path = ModifyReferenceTerminalDialog.swift; sourceTree = "<group>"; };
		D3CF829524E46A2600055311 /* ModifyReferenceTerminal.xib */ = {isa = PBXFileReference; lastKnownFileType = file.xib; path = ModifyReferenceTerminal.xib; sourceTree = "<group>"; };
		D3CF829724E4B30700055311 /* ModifyReferenceMvaDialog.swift */ = {isa = PBXFileReference; lastKnownFileType = sourcecode.swift; path = ModifyReferenceMvaDialog.swift; sourceTree = "<group>"; };
		D3CF829924E4B33B00055311 /* ModifyReferenceMva.xib */ = {isa = PBXFileReference; lastKnownFileType = file.xib; path = ModifyReferenceMva.xib; sourceTree = "<group>"; };
		D3D1108B24C9047700012C84 /* PCH_BaseClass_DialogBox.swift */ = {isa = PBXFileReference; fileEncoding = 4; lastKnownFileType = sourcecode.swift; name = PCH_BaseClass_DialogBox.swift; path = "../../../../Dropbox/MyProjects/Base Classes/PCH_BaseClass_DialogBox.swift"; sourceTree = "<group>"; };
		D3D2D2D024EF00640072EE96 /* ImpedanceScData.swift */ = {isa = PBXFileReference; lastKnownFileType = sourcecode.swift; path = ImpedanceScData.swift; sourceTree = "<group>"; };
		D3E307DF24C242C100FDAA83 /* GlobalDefs.swift */ = {isa = PBXFileReference; fileEncoding = 4; lastKnownFileType = sourcecode.swift; name = GlobalDefs.swift; path = ../../../../Dropbox/MyProjects/GlobalDefs.swift; sourceTree = "<group>"; };
		D3E307E024C242C100FDAA83 /* PCH_Defs.swift */ = {isa = PBXFileReference; fileEncoding = 4; lastKnownFileType = sourcecode.swift; name = PCH_Defs.swift; path = ../../../../Dropbox/MyProjects/PCH_Defs.swift; sourceTree = "<group>"; };
		D3E307E324C2473A00FDAA83 /* Layer.swift */ = {isa = PBXFileReference; lastKnownFileType = sourcecode.swift; path = Layer.swift; sourceTree = "<group>"; };
		D3F736E2251EB41B00F399A6 /* MoveWindingDialog.swift */ = {isa = PBXFileReference; lastKnownFileType = sourcecode.swift; path = MoveWindingDialog.swift; sourceTree = "<group>"; };
		D3F736E5251EB4A800F399A6 /* MoveWinding.xib */ = {isa = PBXFileReference; lastKnownFileType = file.xib; path = MoveWinding.xib; sourceTree = "<group>"; };
		D3F9D3D92525484C00374594 /* EditOutputData.xib */ = {isa = PBXFileReference; lastKnownFileType = file.xib; path = EditOutputData.xib; sourceTree = "<group>"; };
		D3F9D3DC25254C7900374594 /* EditOutputDataDialog.swift */ = {isa = PBXFileReference; lastKnownFileType = sourcecode.swift; path = EditOutputDataDialog.swift; sourceTree = "<group>"; };
		D3FA0CC124EDE49000C68479 /* ModifyReferenceVoltageDialog.swift */ = {isa = PBXFileReference; lastKnownFileType = sourcecode.swift; path = ModifyReferenceVoltageDialog.swift; sourceTree = "<group>"; };
		D3FA0CC324EDE4A300C68479 /* ModifyReferenceVoltage.xib */ = {isa = PBXFileReference; lastKnownFileType = file.xib; path = ModifyReferenceVoltage.xib; sourceTree = "<group>"; };
		F50BA4512529F25B0054CF25 /* GetNumber.xib */ = {isa = PBXFileReference; lastKnownFileType = file.xib; path = GetNumber.xib; sourceTree = "<group>"; };
		F50BA4542529F2CF0054CF25 /* GetNumberDialog.swift */ = {isa = PBXFileReference; lastKnownFileType = sourcecode.swift; path = GetNumberDialog.swift; sourceTree = "<group>"; };
		F522C85C251790F10036607F /* SplitSegmentDialog.swift */ = {isa = PBXFileReference; lastKnownFileType = sourcecode.swift; path = SplitSegmentDialog.swift; sourceTree = "<group>"; };
		F522C85F251791040036607F /* SplitSegment.xib */ = {isa = PBXFileReference; lastKnownFileType = file.xib; path = SplitSegment.xib; sourceTree = "<group>"; };
		F529EDAE252A5F1D00B32CC3 /* PeakFactorDialog.swift */ = {isa = PBXFileReference; lastKnownFileType = sourcecode.swift; path = PeakFactorDialog.swift; sourceTree = "<group>"; };
		F529EDB1252A5F2800B32CC3 /* PeakFactor.xib */ = {isa = PBXFileReference; lastKnownFileType = file.xib; path = PeakFactor.xib; sourceTree = "<group>"; };
		F5486E5524F04CC300D6CD46 /* libPCH_FLD12_Library.a */ = {isa = PBXFileReference; lastKnownFileType = archive.ar; name = libPCH_FLD12_Library.a; path = ../../../Documents/MyProjects/PCH_FLD12_Library_Release/Products/usr/local/lib/libPCH_FLD12_Library.a; sourceTree = "<group>"; };
		F5A0F05E24C6203800C4CFE8 /* AppController.swift */ = {isa = PBXFileReference; lastKnownFileType = sourcecode.swift; path = AppController.swift; sourceTree = "<group>"; };
		F5A0F06324C6236400C4CFE8 /* AndersenFE_2020-Bridging-Header.h */ = {isa = PBXFileReference; lastKnownFileType = sourcecode.c.h; path = "AndersenFE_2020-Bridging-Header.h"; sourceTree = "<group>"; };
		F5BC370F24DB0A2A000CEED3 /* DataView.swift */ = {isa = PBXFileReference; lastKnownFileType = sourcecode.swift; path = DataView.swift; sourceTree = "<group>"; };
		F5D9DC4124DF429200D11103 /* AmpTurnsDistributionDialog.swift */ = {isa = PBXFileReference; lastKnownFileType = sourcecode.swift; path = AmpTurnsDistributionDialog.swift; sourceTree = "<group>"; };
		F5D9DC4324DF42D900D11103 /* AmpTurnsDistribution.xib */ = {isa = PBXFileReference; lastKnownFileType = file.xib; path = AmpTurnsDistribution.xib; sourceTree = "<group>"; };
		F5DD5A2A24D1F88C002D5F52 /* TransformerView.swift */ = {isa = PBXFileReference; lastKnownFileType = sourcecode.swift; path = TransformerView.swift; sourceTree = "<group>"; };
		F5ED558C24C32659002E7031 /* Terminal.swift */ = {isa = PBXFileReference; lastKnownFileType = sourcecode.swift; path = Terminal.swift; sourceTree = "<group>"; };
		F5ED558E24C46BE5002E7031 /* Winding.swift */ = {isa = PBXFileReference; lastKnownFileType = sourcecode.swift; path = Winding.swift; sourceTree = "<group>"; };
		F5ED559024C49074002E7031 /* Transformer.swift */ = {isa = PBXFileReference; lastKnownFileType = sourcecode.swift; path = Transformer.swift; sourceTree = "<group>"; };
		F5F8E834251B699300117F49 /* TextDisplay.xib */ = {isa = PBXFileReference; lastKnownFileType = file.xib; path = TextDisplay.xib; sourceTree = "<group>"; };
		F5F8E837251B79EF00117F49 /* TextDisplayWindow.swift */ = {isa = PBXFileReference; lastKnownFileType = sourcecode.swift; path = TextDisplayWindow.swift; sourceTree = "<group>"; };
		F5F971C324FBCBF600267AAC /* ModifyWindingNameDialog.swift */ = {isa = PBXFileReference; lastKnownFileType = sourcecode.swift; path = ModifyWindingNameDialog.swift; sourceTree = "<group>"; };
		F5F971C524FBCC0700267AAC /* ModifyWindingName.xib */ = {isa = PBXFileReference; lastKnownFileType = file.xib; path = ModifyWindingName.xib; sourceTree = "<group>"; };
/* End PBXFileReference section */

/* Begin PBXFrameworksBuildPhase section */
		D314455224C2209E0084DEC5 /* Frameworks */ = {
			isa = PBXFrameworksBuildPhase;
			buildActionMask = 2147483647;
			files = (
				F5486E5624F04CC300D6CD46 /* libPCH_FLD12_Library.a in Frameworks */,
			);
			runOnlyForDeploymentPostprocessing = 0;
		};
/* End PBXFrameworksBuildPhase section */

/* Begin PBXGroup section */
		D314454C24C2209E0084DEC5 = {
			isa = PBXGroup;
			children = (
				D314455724C2209E0084DEC5 /* AndersenFE_2020 */,
				D314455624C2209E0084DEC5 /* Products */,
				F5A0F06024C6231000C4CFE8 /* Frameworks */,
			);
			sourceTree = "<group>";
		};
		D314455624C2209E0084DEC5 /* Products */ = {
			isa = PBXGroup;
			children = (
				D314455524C2209E0084DEC5 /* AndersenFE_2020.app */,
			);
			name = Products;
			sourceTree = "<group>";
		};
		D314455724C2209E0084DEC5 /* AndersenFE_2020 */ = {
			isa = PBXGroup;
			children = (
				D314455824C2209E0084DEC5 /* AppDelegate.swift */,
				F5A0F05E24C6203800C4CFE8 /* AppController.swift */,
				D3E307DF24C242C100FDAA83 /* GlobalDefs.swift */,
				D3E307E024C242C100FDAA83 /* PCH_Defs.swift */,
				D3D1108B24C9047700012C84 /* PCH_BaseClass_DialogBox.swift */,
				D38833DE24CCC19A00A0C7A5 /* PreferencesDialog.swift */,
				D38833E024CCC1C400A0C7A5 /* Preferences.xib */,
				D3275F8124FADB0A005D9F5A /* TransformerDescriptionDialog.swift */,
				D3275F8324FADB22005D9F5A /* TransformerDescription.xib */,
				F50BA4542529F2CF0054CF25 /* GetNumberDialog.swift */,
				F50BA4512529F25B0054CF25 /* GetNumber.xib */,
				F529EDAE252A5F1D00B32CC3 /* PeakFactorDialog.swift */,
				F529EDB1252A5F2800B32CC3 /* PeakFactor.xib */,
				D3F736E2251EB41B00F399A6 /* MoveWindingDialog.swift */,
				D3F736E5251EB4A800F399A6 /* MoveWinding.xib */,
				D3B8A33524EB4814005AAC87 /* RegulatingWindingDialog.swift */,
				D3B8A33724EB4874005AAC87 /* RegulatingWinding.xib */,
				F5D9DC4124DF429200D11103 /* AmpTurnsDistributionDialog.swift */,
				F5D9DC4324DF42D900D11103 /* AmpTurnsDistribution.xib */,
				F5F971C324FBCBF600267AAC /* ModifyWindingNameDialog.swift */,
				F5F971C524FBCC0700267AAC /* ModifyWindingName.xib */,
				D3CF829324E46A0200055311 /* ModifyReferenceTerminalDialog.swift */,
				D3CF829524E46A2600055311 /* ModifyReferenceTerminal.xib */,
				D3CF829724E4B30700055311 /* ModifyReferenceMvaDialog.swift */,
				D3CF829924E4B33B00055311 /* ModifyReferenceMva.xib */,
				D3FA0CC124EDE49000C68479 /* ModifyReferenceVoltageDialog.swift */,
				D3FA0CC324EDE4A300C68479 /* ModifyReferenceVoltage.xib */,
				F522C85C251790F10036607F /* SplitSegmentDialog.swift */,
				F522C85F251791040036607F /* SplitSegment.xib */,
				F5F8E837251B79EF00117F49 /* TextDisplayWindow.swift */,
				F5F8E834251B699300117F49 /* TextDisplay.xib */,
				D3F9D3DC25254C7900374594 /* EditOutputDataDialog.swift */,
				D3F9D3D92525484C00374594 /* EditOutputData.xib */,
				F5DD5A2A24D1F88C002D5F52 /* TransformerView.swift */,
				F5ED559024C49074002E7031 /* Transformer.swift */,
				F5ED558E24C46BE5002E7031 /* Winding.swift */,
				F5ED558C24C32659002E7031 /* Terminal.swift */,
				D3893D7224D8DBB0000E8E07 /* TerminalsView.swift */,
				F5BC370F24DB0A2A000CEED3 /* DataView.swift */,
				D314456624C224650084DEC5 /* Segment.swift */,
				D3E307E324C2473A00FDAA83 /* Layer.swift */,
				D3D2D2D024EF00640072EE96 /* ImpedanceScData.swift */,
				D37F9EF3251943800040BCD8 /* OutputData.swift */,
				D314455A24C220A00084DEC5 /* Assets.xcassets */,
				D314455C24C220A00084DEC5 /* MainMenu.xib */,
				D314455F24C220A00084DEC5 /* Info.plist */,
				D314456024C220A00084DEC5 /* AndersenFE_2020.entitlements */,
				F5A0F06324C6236400C4CFE8 /* AndersenFE_2020-Bridging-Header.h */,
			);
			path = AndersenFE_2020;
			sourceTree = "<group>";
		};
		F5A0F06024C6231000C4CFE8 /* Frameworks */ = {
			isa = PBXGroup;
			children = (
				F5486E5524F04CC300D6CD46 /* libPCH_FLD12_Library.a */,
			);
			name = Frameworks;
			sourceTree = "<group>";
		};
/* End PBXGroup section */

/* Begin PBXNativeTarget section */
		D314455424C2209E0084DEC5 /* AndersenFE_2020 */ = {
			isa = PBXNativeTarget;
			buildConfigurationList = D314456324C220A00084DEC5 /* Build configuration list for PBXNativeTarget "AndersenFE_2020" */;
			buildPhases = (
				D314455124C2209E0084DEC5 /* Sources */,
				D314455224C2209E0084DEC5 /* Frameworks */,
				D314455324C2209E0084DEC5 /* Resources */,
			);
			buildRules = (
			);
			dependencies = (
			);
			name = AndersenFE_2020;
			productName = AndersenFE_2020;
			productReference = D314455524C2209E0084DEC5 /* AndersenFE_2020.app */;
			productType = "com.apple.product-type.application";
		};
/* End PBXNativeTarget section */

/* Begin PBXProject section */
		D314454D24C2209E0084DEC5 /* Project object */ = {
			isa = PBXProject;
			attributes = {
				LastSwiftUpdateCheck = 1160;
				LastUpgradeCheck = 1200;
				ORGANIZATIONNAME = "Peter Huber";
				TargetAttributes = {
					D314455424C2209E0084DEC5 = {
						CreatedOnToolsVersion = 11.6;
						LastSwiftMigration = 1160;
					};
				};
			};
			buildConfigurationList = D314455024C2209E0084DEC5 /* Build configuration list for PBXProject "AndersenFE_2020" */;
			compatibilityVersion = "Xcode 9.3";
			developmentRegion = en;
			hasScannedForEncodings = 0;
			knownRegions = (
				en,
				Base,
			);
			mainGroup = D314454C24C2209E0084DEC5;
			productRefGroup = D314455624C2209E0084DEC5 /* Products */;
			projectDirPath = "";
			projectRoot = "";
			targets = (
				D314455424C2209E0084DEC5 /* AndersenFE_2020 */,
			);
		};
/* End PBXProject section */

/* Begin PBXResourcesBuildPhase section */
		D314455324C2209E0084DEC5 /* Resources */ = {
			isa = PBXResourcesBuildPhase;
			buildActionMask = 2147483647;
			files = (
				D3B8A33824EB4874005AAC87 /* RegulatingWinding.xib in Resources */,
				F522C860251791040036607F /* SplitSegment.xib in Resources */,
				D314455B24C220A00084DEC5 /* Assets.xcassets in Resources */,
				D3CF829624E46A2600055311 /* ModifyReferenceTerminal.xib in Resources */,
				D3CF829A24E4B33B00055311 /* ModifyReferenceMva.xib in Resources */,
				D3F736E6251EB4A800F399A6 /* MoveWinding.xib in Resources */,
				D3FA0CC424EDE4A300C68479 /* ModifyReferenceVoltage.xib in Resources */,
				D38833E124CCC1C400A0C7A5 /* Preferences.xib in Resources */,
				D3F9D3DA2525484C00374594 /* EditOutputData.xib in Resources */,
				D3275F8424FADB22005D9F5A /* TransformerDescription.xib in Resources */,
				F5F971C624FBCC0700267AAC /* ModifyWindingName.xib in Resources */,
				D314455E24C220A00084DEC5 /* MainMenu.xib in Resources */,
				F50BA4522529F25B0054CF25 /* GetNumber.xib in Resources */,
				F5D9DC4424DF42D900D11103 /* AmpTurnsDistribution.xib in Resources */,
				F5F8E835251B699300117F49 /* TextDisplay.xib in Resources */,
				F529EDB2252A5F2800B32CC3 /* PeakFactor.xib in Resources */,
			);
			runOnlyForDeploymentPostprocessing = 0;
		};
/* End PBXResourcesBuildPhase section */

/* Begin PBXSourcesBuildPhase section */
		D314455124C2209E0084DEC5 /* Sources */ = {
			isa = PBXSourcesBuildPhase;
			buildActionMask = 2147483647;
			files = (
				F5ED558F24C46BE5002E7031 /* Winding.swift in Sources */,
				D3893D7324D8DBB0000E8E07 /* TerminalsView.swift in Sources */,
				F5F8E838251B79EF00117F49 /* TextDisplayWindow.swift in Sources */,
				D314455924C2209E0084DEC5 /* AppDelegate.swift in Sources */,
				F5DD5A2B24D1F88C002D5F52 /* TransformerView.swift in Sources */,
				F50BA4552529F2CF0054CF25 /* GetNumberDialog.swift in Sources */,
				D3E307E224C242C100FDAA83 /* PCH_Defs.swift in Sources */,
				D3D1108C24C9047700012C84 /* PCH_BaseClass_DialogBox.swift in Sources */,
				D3D2D2D124EF00640072EE96 /* ImpedanceScData.swift in Sources */,
				D3E307E424C2473A00FDAA83 /* Layer.swift in Sources */,
				D3CF829824E4B30700055311 /* ModifyReferenceMvaDialog.swift in Sources */,
				F5F971C424FBCBF600267AAC /* ModifyWindingNameDialog.swift in Sources */,
				D3FA0CC224EDE49000C68479 /* ModifyReferenceVoltageDialog.swift in Sources */,
				F522C85D251790F10036607F /* SplitSegmentDialog.swift in Sources */,
				F529EDAF252A5F1D00B32CC3 /* PeakFactorDialog.swift in Sources */,
				F5ED558D24C32659002E7031 /* Terminal.swift in Sources */,
				F5A0F05F24C6203800C4CFE8 /* AppController.swift in Sources */,
				D37F9EF4251943800040BCD8 /* OutputData.swift in Sources */,
				D3275F8224FADB0B005D9F5A /* TransformerDescriptionDialog.swift in Sources */,
				D3CF829424E46A0200055311 /* ModifyReferenceTerminalDialog.swift in Sources */,
				D3E307E124C242C100FDAA83 /* GlobalDefs.swift in Sources */,
				F5BC371024DB0A2A000CEED3 /* DataView.swift in Sources */,
				D38833DF24CCC19A00A0C7A5 /* PreferencesDialog.swift in Sources */,
				D314456724C224650084DEC5 /* Segment.swift in Sources */,
				D3F9D3DD25254C7900374594 /* EditOutputDataDialog.swift in Sources */,
				F5ED559124C49074002E7031 /* Transformer.swift in Sources */,
				D3B8A33624EB4814005AAC87 /* RegulatingWindingDialog.swift in Sources */,
				F5D9DC4224DF429200D11103 /* AmpTurnsDistributionDialog.swift in Sources */,
				D3F736E3251EB41B00F399A6 /* MoveWindingDialog.swift in Sources */,
			);
			runOnlyForDeploymentPostprocessing = 0;
		};
/* End PBXSourcesBuildPhase section */

/* Begin PBXVariantGroup section */
		D314455C24C220A00084DEC5 /* MainMenu.xib */ = {
			isa = PBXVariantGroup;
			children = (
				D314455D24C220A00084DEC5 /* Base */,
			);
			name = MainMenu.xib;
			sourceTree = "<group>";
		};
/* End PBXVariantGroup section */

/* Begin XCBuildConfiguration section */
		D314456124C220A00084DEC5 /* Debug */ = {
			isa = XCBuildConfiguration;
			buildSettings = {
				ALWAYS_SEARCH_USER_PATHS = NO;
				CLANG_ANALYZER_NONNULL = YES;
				CLANG_ANALYZER_NUMBER_OBJECT_CONVERSION = YES_AGGRESSIVE;
				CLANG_CXX_LANGUAGE_STANDARD = "gnu++14";
				CLANG_CXX_LIBRARY = "libc++";
				CLANG_ENABLE_MODULES = YES;
				CLANG_ENABLE_OBJC_ARC = YES;
				CLANG_ENABLE_OBJC_WEAK = YES;
				CLANG_WARN_BLOCK_CAPTURE_AUTORELEASING = YES;
				CLANG_WARN_BOOL_CONVERSION = YES;
				CLANG_WARN_COMMA = YES;
				CLANG_WARN_CONSTANT_CONVERSION = YES;
				CLANG_WARN_DEPRECATED_OBJC_IMPLEMENTATIONS = YES;
				CLANG_WARN_DIRECT_OBJC_ISA_USAGE = YES_ERROR;
				CLANG_WARN_DOCUMENTATION_COMMENTS = YES;
				CLANG_WARN_EMPTY_BODY = YES;
				CLANG_WARN_ENUM_CONVERSION = YES;
				CLANG_WARN_INFINITE_RECURSION = YES;
				CLANG_WARN_INT_CONVERSION = YES;
				CLANG_WARN_NON_LITERAL_NULL_CONVERSION = YES;
				CLANG_WARN_OBJC_IMPLICIT_RETAIN_SELF = YES;
				CLANG_WARN_OBJC_LITERAL_CONVERSION = YES;
				CLANG_WARN_OBJC_ROOT_CLASS = YES_ERROR;
				CLANG_WARN_QUOTED_INCLUDE_IN_FRAMEWORK_HEADER = YES;
				CLANG_WARN_RANGE_LOOP_ANALYSIS = YES;
				CLANG_WARN_STRICT_PROTOTYPES = YES;
				CLANG_WARN_SUSPICIOUS_MOVE = YES;
				CLANG_WARN_UNGUARDED_AVAILABILITY = YES_AGGRESSIVE;
				CLANG_WARN_UNREACHABLE_CODE = YES;
				CLANG_WARN__DUPLICATE_METHOD_MATCH = YES;
				COPY_PHASE_STRIP = NO;
				DEBUG_INFORMATION_FORMAT = dwarf;
				ENABLE_STRICT_OBJC_MSGSEND = YES;
				ENABLE_TESTABILITY = YES;
				GCC_C_LANGUAGE_STANDARD = gnu11;
				GCC_DYNAMIC_NO_PIC = NO;
				GCC_NO_COMMON_BLOCKS = YES;
				GCC_OPTIMIZATION_LEVEL = 0;
				GCC_PREPROCESSOR_DEFINITIONS = (
					"DEBUG=1",
					"$(inherited)",
				);
				GCC_WARN_64_TO_32_BIT_CONVERSION = YES;
				GCC_WARN_ABOUT_RETURN_TYPE = YES_ERROR;
				GCC_WARN_UNDECLARED_SELECTOR = YES;
				GCC_WARN_UNINITIALIZED_AUTOS = YES_AGGRESSIVE;
				GCC_WARN_UNUSED_FUNCTION = YES;
				GCC_WARN_UNUSED_VARIABLE = YES;
				MACOSX_DEPLOYMENT_TARGET = 10.15;
				MTL_ENABLE_DEBUG_INFO = INCLUDE_SOURCE;
				MTL_FAST_MATH = YES;
				ONLY_ACTIVE_ARCH = YES;
				SDKROOT = macosx;
				SWIFT_ACTIVE_COMPILATION_CONDITIONS = DEBUG;
				SWIFT_OPTIMIZATION_LEVEL = "-Onone";
			};
			name = Debug;
		};
		D314456224C220A00084DEC5 /* Release */ = {
			isa = XCBuildConfiguration;
			buildSettings = {
				ALWAYS_SEARCH_USER_PATHS = NO;
				CLANG_ANALYZER_NONNULL = YES;
				CLANG_ANALYZER_NUMBER_OBJECT_CONVERSION = YES_AGGRESSIVE;
				CLANG_CXX_LANGUAGE_STANDARD = "gnu++14";
				CLANG_CXX_LIBRARY = "libc++";
				CLANG_ENABLE_MODULES = YES;
				CLANG_ENABLE_OBJC_ARC = YES;
				CLANG_ENABLE_OBJC_WEAK = YES;
				CLANG_WARN_BLOCK_CAPTURE_AUTORELEASING = YES;
				CLANG_WARN_BOOL_CONVERSION = YES;
				CLANG_WARN_COMMA = YES;
				CLANG_WARN_CONSTANT_CONVERSION = YES;
				CLANG_WARN_DEPRECATED_OBJC_IMPLEMENTATIONS = YES;
				CLANG_WARN_DIRECT_OBJC_ISA_USAGE = YES_ERROR;
				CLANG_WARN_DOCUMENTATION_COMMENTS = YES;
				CLANG_WARN_EMPTY_BODY = YES;
				CLANG_WARN_ENUM_CONVERSION = YES;
				CLANG_WARN_INFINITE_RECURSION = YES;
				CLANG_WARN_INT_CONVERSION = YES;
				CLANG_WARN_NON_LITERAL_NULL_CONVERSION = YES;
				CLANG_WARN_OBJC_IMPLICIT_RETAIN_SELF = YES;
				CLANG_WARN_OBJC_LITERAL_CONVERSION = YES;
				CLANG_WARN_OBJC_ROOT_CLASS = YES_ERROR;
				CLANG_WARN_QUOTED_INCLUDE_IN_FRAMEWORK_HEADER = YES;
				CLANG_WARN_RANGE_LOOP_ANALYSIS = YES;
				CLANG_WARN_STRICT_PROTOTYPES = YES;
				CLANG_WARN_SUSPICIOUS_MOVE = YES;
				CLANG_WARN_UNGUARDED_AVAILABILITY = YES_AGGRESSIVE;
				CLANG_WARN_UNREACHABLE_CODE = YES;
				CLANG_WARN__DUPLICATE_METHOD_MATCH = YES;
				COPY_PHASE_STRIP = NO;
				DEBUG_INFORMATION_FORMAT = "dwarf-with-dsym";
				ENABLE_NS_ASSERTIONS = NO;
				ENABLE_STRICT_OBJC_MSGSEND = YES;
				GCC_C_LANGUAGE_STANDARD = gnu11;
				GCC_NO_COMMON_BLOCKS = YES;
				GCC_WARN_64_TO_32_BIT_CONVERSION = YES;
				GCC_WARN_ABOUT_RETURN_TYPE = YES_ERROR;
				GCC_WARN_UNDECLARED_SELECTOR = YES;
				GCC_WARN_UNINITIALIZED_AUTOS = YES_AGGRESSIVE;
				GCC_WARN_UNUSED_FUNCTION = YES;
				GCC_WARN_UNUSED_VARIABLE = YES;
				MACOSX_DEPLOYMENT_TARGET = 10.15;
				MTL_ENABLE_DEBUG_INFO = NO;
				MTL_FAST_MATH = YES;
				SDKROOT = macosx;
				SWIFT_COMPILATION_MODE = wholemodule;
				SWIFT_OPTIMIZATION_LEVEL = "-O";
			};
			name = Release;
		};
		D314456424C220A00084DEC5 /* Debug */ = {
			isa = XCBuildConfiguration;
			buildSettings = {
				ASSETCATALOG_COMPILER_APPICON_NAME = AppIcon;
				CLANG_ENABLE_MODULES = YES;
				CODE_SIGN_ENTITLEMENTS = AndersenFE_2020/AndersenFE_2020.entitlements;
				CODE_SIGN_IDENTITY = "Apple Development";
				CODE_SIGN_STYLE = Automatic;
				COMBINE_HIDPI_IMAGES = YES;
				CURRENT_PROJECT_VERSION = 257E722C;
				DEVELOPMENT_TEAM = 3R3HXUUS44;
				ENABLE_HARDENED_RUNTIME = YES;
				HEADER_SEARCH_PATHS = (
					/Users/peterhub/Documents/MyProjects/PCH_FLD12_Library_Release/Products/usr/local/include,
					/Users/peterhuber/Documents/MyProjects/PCH_FLD12_Library_Release/Products/usr/local/include,
				);
				INFOPLIST_FILE = AndersenFE_2020/Info.plist;
				LD_RUNPATH_SEARCH_PATHS = (
					"$(inherited)",
					"@executable_path/../Frameworks",
				);
				LIBRARY_SEARCH_PATHS = (
					/Users/peterhuber/Documents/MyProjects/PCH_FLD12_Library_Release/Products/usr/local/lib,
					/Users/peterhub/Documents/MyProjects/PCH_FLD12_Library_Release/Products/usr/local/lib,
				);
				MARKETING_VERSION = 1.1.1;
				PRODUCT_BUNDLE_IDENTIFIER = "com.huberistech.AndersenFE-2020";
				PRODUCT_NAME = "$(TARGET_NAME)";
				SWIFT_OBJC_BRIDGING_HEADER = "AndersenFE_2020/AndersenFE_2020-Bridging-Header.h";
				SWIFT_OPTIMIZATION_LEVEL = "-Onone";
				SWIFT_VERSION = 5.0;
				USER_HEADER_SEARCH_PATHS = "";
			};
			name = Debug;
		};
		D314456524C220A00084DEC5 /* Release */ = {
			isa = XCBuildConfiguration;
			buildSettings = {
				ASSETCATALOG_COMPILER_APPICON_NAME = AppIcon;
				CLANG_ENABLE_MODULES = YES;
				CODE_SIGN_ENTITLEMENTS = AndersenFE_2020/AndersenFE_2020.entitlements;
				CODE_SIGN_IDENTITY = "Apple Development";
				CODE_SIGN_STYLE = Automatic;
				COMBINE_HIDPI_IMAGES = YES;
				CURRENT_PROJECT_VERSION = 257E722C;
				DEVELOPMENT_TEAM = 3R3HXUUS44;
				ENABLE_HARDENED_RUNTIME = YES;
				HEADER_SEARCH_PATHS = (
					/Users/peterhuber/Documents/MyProjects/PCH_FLD12_Library_Release/Products/usr/local/include,
					/Users/peterhub/Documents/MyProjects/PCH_FLD12_Library_Release/Products/usr/local/include,
				);
				INFOPLIST_FILE = AndersenFE_2020/Info.plist;
				LD_RUNPATH_SEARCH_PATHS = (
					"$(inherited)",
					"@executable_path/../Frameworks",
				);
				LIBRARY_SEARCH_PATHS = (
					/Users/peterhuber/Documents/MyProjects/PCH_FLD12_Library_Release/Products/usr/local/lib,
					/Users/peterhub/Documents/MyProjects/PCH_FLD12_Library_Release/Products/usr/local/lib,
				);
				MARKETING_VERSION = 1.1.1;
				PRODUCT_BUNDLE_IDENTIFIER = "com.huberistech.AndersenFE-2020";
				PRODUCT_NAME = "$(TARGET_NAME)";
				SWIFT_OBJC_BRIDGING_HEADER = "AndersenFE_2020/AndersenFE_2020-Bridging-Header.h";
				SWIFT_VERSION = 5.0;
				USER_HEADER_SEARCH_PATHS = "";
			};
			name = Release;
		};
/* End XCBuildConfiguration section */

/* Begin XCConfigurationList section */
		D314455024C2209E0084DEC5 /* Build configuration list for PBXProject "AndersenFE_2020" */ = {
			isa = XCConfigurationList;
			buildConfigurations = (
				D314456124C220A00084DEC5 /* Debug */,
				D314456224C220A00084DEC5 /* Release */,
			);
			defaultConfigurationIsVisible = 0;
			defaultConfigurationName = Release;
		};
		D314456324C220A00084DEC5 /* Build configuration list for PBXNativeTarget "AndersenFE_2020" */ = {
			isa = XCConfigurationList;
			buildConfigurations = (
				D314456424C220A00084DEC5 /* Debug */,
				D314456524C220A00084DEC5 /* Release */,
			);
			defaultConfigurationIsVisible = 0;
			defaultConfigurationName = Release;
		};
/* End XCConfigurationList section */
	};
	rootObject = D314454D24C2209E0084DEC5 /* Project object */;
}
